
Microsoft Visual Studio Solution File, Format Version 12.00
# Visual Studio Version 16
VisualStudioVersion = 16.0.30406.217
MinimumVisualStudioVersion = 10.0.40219.1
Project("{FAE04EC0-301F-11D3-BF4B-00C04F79EFBC}") = "FactoryPattern", "FactoryPattern\FactoryPattern.csproj", "{151133A7-122E-402B-AFCC-373DCF6B5DD0}"
EndProject
Global
	GlobalSection(SolutionConfigurationPlatforms) = preSolution
		Debug|Any CPU = Debug|Any CPU
		Release|Any CPU = Release|Any CPU
	EndGlobalSection
	GlobalSection(ProjectConfigurationPlatforms) = postSolution
		{151133A7-122E-402B-AFCC-373DCF6B5DD0}.Debug|Any CPU.ActiveCfg = Debug|Any CPU
		{151133A7-122E-402B-AFCC-373DCF6B5DD0}.Debug|Any CPU.Build.0 = Debug|Any CPU
		{151133A7-122E-402B-AFCC-373DCF6B5DD0}.Release|Any CPU.ActiveCfg = Release|Any CPU
		{151133A7-122E-402B-AFCC-373DCF6B5DD0}.Release|Any CPU.Build.0 = Release|Any CPU
	EndGlobalSection
	GlobalSection(SolutionProperties) = preSolution
		HideSolutionNode = FALSE
	EndGlobalSection
	GlobalSection(ExtensibilityGlobals) = postSolution
		SolutionGuid = {C102E638-8A95-4BE8-A1C7-DF4BA623C776}
	EndGlobalSection
EndGlobal
